
Microsoft Visual Studio Solution File, Format Version 12.00
# Visual Studio Version 16
VisualStudioVersion = 16.0.31112.23
MinimumVisualStudioVersion = 10.0.40219.1
Project("{FAE04EC0-301F-11D3-BF4B-00C04F79EFBC}") = "RazorDockerTest1", "RazorDockerTest1.csproj", "{EECD2BFD-972A-48FB-9710-D8AD835CA1B7}"
EndProject
Global
	GlobalSection(SolutionConfigurationPlatforms) = preSolution
		Debug|Any CPU = Debug|Any CPU
		Release|Any CPU = Release|Any CPU
	EndGlobalSection
	GlobalSection(ProjectConfigurationPlatforms) = postSolution
		{EECD2BFD-972A-48FB-9710-D8AD835CA1B7}.Debug|Any CPU.ActiveCfg = Debug|Any CPU
		{EECD2BFD-972A-48FB-9710-D8AD835CA1B7}.Debug|Any CPU.Build.0 = Debug|Any CPU
		{EECD2BFD-972A-48FB-9710-D8AD835CA1B7}.Release|Any CPU.ActiveCfg = Release|Any CPU
		{EECD2BFD-972A-48FB-9710-D8AD835CA1B7}.Release|Any CPU.Build.0 = Release|Any CPU
	EndGlobalSection
	GlobalSection(SolutionProperties) = preSolution
		HideSolutionNode = FALSE
	EndGlobalSection
	GlobalSection(ExtensibilityGlobals) = postSolution
		SolutionGuid = {28545698-8AAE-4B24-BD41-325C2E63A190}
	EndGlobalSection
EndGlobal
